<Solution>
  <Folder Name="/src/">
    <Project Path="GYM.API/GYM.API.csproj" />
    <Project Path="GYM.Application/GYM.Application.csproj" />
    <Project Path="GYM.Domain/GYM.Domain.csproj" />
    <Project Path="GYM.Infrastructure/GYM.Infrastructure.csproj" />
  </Folder>
  <Folder Name="/tests/">
    <Project Path="GYM.IntegrationTests/GYM.IntegrationTests.csproj" Id="356515d0-3b9e-4db7-a6ab-b246584cc2e5" />
    <Project Path="GYM.UnitTests/GYM.UnitTests.csproj" />
  </Folder>
  <Project Path="docker-compose.dcproj">
    <Build />
  </Project>
</Solution>
